
Microsoft Visual Studio Solution File, Format Version 12.00
# Visual Studio 15
VisualStudioVersion = 15.0.28307.102
MinimumVisualStudioVersion = 10.0.40219.1
Project("{FAE04EC0-301F-11D3-BF4B-00C04F79EFBC}") = "Brain", "Brain\Brain.csproj", "{5D4B141E-8ABB-4E2E-B7C4-796D01A02A21}"
EndProject
Project("{FAE04EC0-301F-11D3-BF4B-00C04F79EFBC}") = "Face", "Face\Face.csproj", "{F64FFDF3-983D-4CA4-81D8-95AD60FC3B76}"
EndProject
Project("{FAE04EC0-301F-11D3-BF4B-00C04F79EFBC}") = "Food", "Food\Food.csproj", "{6DCFA369-0741-47CF-983D-0C96EB645F17}"
EndProject
Project("{FAE04EC0-301F-11D3-BF4B-00C04F79EFBC}") = "Senses", "Senses\Senses.csproj", "{1930DD2E-31AE-4B56-91C4-3D3B9C883245}"
EndProject
Global
	GlobalSection(SolutionConfigurationPlatforms) = preSolution
		Debug|Any CPU = Debug|Any CPU
		Release|Any CPU = Release|Any CPU
	EndGlobalSection
	GlobalSection(ProjectConfigurationPlatforms) = postSolution
		{5D4B141E-8ABB-4E2E-B7C4-796D01A02A21}.Debug|Any CPU.ActiveCfg = Debug|Any CPU
		{5D4B141E-8ABB-4E2E-B7C4-796D01A02A21}.Debug|Any CPU.Build.0 = Debug|Any CPU
		{5D4B141E-8ABB-4E2E-B7C4-796D01A02A21}.Release|Any CPU.ActiveCfg = Release|Any CPU
		{5D4B141E-8ABB-4E2E-B7C4-796D01A02A21}.Release|Any CPU.Build.0 = Release|Any CPU
		{F64FFDF3-983D-4CA4-81D8-95AD60FC3B76}.Debug|Any CPU.ActiveCfg = Debug|Any CPU
		{F64FFDF3-983D-4CA4-81D8-95AD60FC3B76}.Debug|Any CPU.Build.0 = Debug|Any CPU
		{F64FFDF3-983D-4CA4-81D8-95AD60FC3B76}.Release|Any CPU.ActiveCfg = Release|Any CPU
		{F64FFDF3-983D-4CA4-81D8-95AD60FC3B76}.Release|Any CPU.Build.0 = Release|Any CPU
		{6DCFA369-0741-47CF-983D-0C96EB645F17}.Debug|Any CPU.ActiveCfg = Debug|Any CPU
		{6DCFA369-0741-47CF-983D-0C96EB645F17}.Debug|Any CPU.Build.0 = Debug|Any CPU
		{6DCFA369-0741-47CF-983D-0C96EB645F17}.Release|Any CPU.ActiveCfg = Release|Any CPU
		{6DCFA369-0741-47CF-983D-0C96EB645F17}.Release|Any CPU.Build.0 = Release|Any CPU
		{1930DD2E-31AE-4B56-91C4-3D3B9C883245}.Debug|Any CPU.ActiveCfg = Debug|Any CPU
		{1930DD2E-31AE-4B56-91C4-3D3B9C883245}.Debug|Any CPU.Build.0 = Debug|Any CPU
		{1930DD2E-31AE-4B56-91C4-3D3B9C883245}.Release|Any CPU.ActiveCfg = Release|Any CPU
		{1930DD2E-31AE-4B56-91C4-3D3B9C883245}.Release|Any CPU.Build.0 = Release|Any CPU
	EndGlobalSection
	GlobalSection(SolutionProperties) = preSolution
		HideSolutionNode = FALSE
	EndGlobalSection
	GlobalSection(ExtensibilityGlobals) = postSolution
		SolutionGuid = {1436A09F-C7A9-4C6B-B0B9-D194A9F2FADB}
	EndGlobalSection
EndGlobal
